PODS:
  - Alamofire (5.7.1)
  - GoogleMaps (8.2.0):
    - GoogleMaps/Maps (= 8.2.0)
  - GoogleMaps/Base (8.2.0)
  - GoogleMaps/Maps (8.2.0):
    - GoogleMaps/Base
  - GooglePlaces (7.4.0)
  - SideMenu (6.5.0)

DEPENDENCIES:
  - Alamofire
  - GoogleMaps
  - GooglePlaces
  - SideMenu

SPEC REPOS:
  trunk:
    - Alamofire
    - GoogleMaps
    - GooglePlaces
    - SideMenu

SPEC CHECKSUMS:
  Alamofire: 0123a34370cb170936ae79a8df46cc62b2edeb88
  GoogleMaps: 081f2547b60a1c0870a8f49166a653900e5055d5
  GooglePlaces: 544e908d94860bf6f8fc1865b80d2c7eb6b5f937
  SideMenu: f583187d21c5b1dd04c72002be544b555a2627a2

PODFILE CHECKSUM: 2106a2aad32beebdf2e24f00110675d524242402

COCOAPODS: 1.12.1
